
Microsoft Visual Studio Solution File, Format Version 12.00
# Visual Studio Version 17
VisualStudioVersion = 17.14.36310.24 d17.14
MinimumVisualStudioVersion = 10.0.40219.1
Project("{FAE04EC0-301F-11D3-BF4B-00C04F79EFBC}") = "Local Event Finder", "Local Event Finder.csproj", "{AC11648D-FFD7-41A6-8F47-03DF0FD9E363}"
EndProject
Global
	GlobalSection(SolutionConfigurationPlatforms) = preSolution
		Debug|Any CPU = Debug|Any CPU
		Release|Any CPU = Release|Any CPU
	EndGlobalSection
	GlobalSection(ProjectConfigurationPlatforms) = postSolution
		{AC11648D-FFD7-41A6-8F47-03DF0FD9E363}.Debug|Any CPU.ActiveCfg = Debug|Any CPU
		{AC11648D-FFD7-41A6-8F47-03DF0FD9E363}.Debug|Any CPU.Build.0 = Debug|Any CPU
		{AC11648D-FFD7-41A6-8F47-03DF0FD9E363}.Release|Any CPU.ActiveCfg = Release|Any CPU
		{AC11648D-FFD7-41A6-8F47-03DF0FD9E363}.Release|Any CPU.Build.0 = Release|Any CPU
	EndGlobalSection
	GlobalSection(SolutionProperties) = preSolution
		HideSolutionNode = FALSE
	EndGlobalSection
	GlobalSection(ExtensibilityGlobals) = postSolution
		SolutionGuid = {7F6228EF-70B9-48CC-943F-37292A29B380}
	EndGlobalSection
EndGlobal
